
Microsoft Visual Studio Solution File, Format Version 12.00
# Visual Studio Version 17
VisualStudioVersion = 17.1.31911.260
MinimumVisualStudioVersion = 10.0.40219.1
Project("{FAE04EC0-301F-11D3-BF4B-00C04F79EFBC}") = "CrowdGod.WebMVC", "CrowdGod.WebMVC\CrowdGod.WebMVC.csproj", "{A0C90C43-A84E-478B-A3F1-E3A05D1EE566}"
EndProject
Project("{FAE04EC0-301F-11D3-BF4B-00C04F79EFBC}") = "CrowdGod.Data", "CrowdGod.Data\CrowdGod.Data.csproj", "{E5596E1F-BB47-4F71-A39A-B54812CFCC65}"
EndProject
Global
	GlobalSection(SolutionConfigurationPlatforms) = preSolution
		Debug|Any CPU = Debug|Any CPU
		Release|Any CPU = Release|Any CPU
	EndGlobalSection
	GlobalSection(ProjectConfigurationPlatforms) = postSolution
		{A0C90C43-A84E-478B-A3F1-E3A05D1EE566}.Debug|Any CPU.ActiveCfg = Debug|Any CPU
		{A0C90C43-A84E-478B-A3F1-E3A05D1EE566}.Debug|Any CPU.Build.0 = Debug|Any CPU
		{A0C90C43-A84E-478B-A3F1-E3A05D1EE566}.Release|Any CPU.ActiveCfg = Release|Any CPU
		{A0C90C43-A84E-478B-A3F1-E3A05D1EE566}.Release|Any CPU.Build.0 = Release|Any CPU
		{E5596E1F-BB47-4F71-A39A-B54812CFCC65}.Debug|Any CPU.ActiveCfg = Debug|Any CPU
		{E5596E1F-BB47-4F71-A39A-B54812CFCC65}.Debug|Any CPU.Build.0 = Debug|Any CPU
		{E5596E1F-BB47-4F71-A39A-B54812CFCC65}.Release|Any CPU.ActiveCfg = Release|Any CPU
		{E5596E1F-BB47-4F71-A39A-B54812CFCC65}.Release|Any CPU.Build.0 = Release|Any CPU
	EndGlobalSection
	GlobalSection(SolutionProperties) = preSolution
		HideSolutionNode = FALSE
	EndGlobalSection
	GlobalSection(ExtensibilityGlobals) = postSolution
		SolutionGuid = {88782308-D158-4A50-A0CD-4CDA4D20E1F4}
	EndGlobalSection
EndGlobal
